
Microsoft Visual Studio Solution File, Format Version 12.00
# Visual Studio Version 16
VisualStudioVersion = 16.0.31105.61
MinimumVisualStudioVersion = 10.0.40219.1
Project("{8BC9CEB8-8B4A-11D0-8D11-00A0C91BC942}") = "unit_test_for_parser_and_lex", "unit_test_for_parser_and_lex\unit_test_for_parser_and_lex.vcxproj", "{D7C24528-F05E-4C6E-B2E6-5D6DE65169FB}"
EndProject
Project("{8BC9CEB8-8B4A-11D0-8D11-00A0C91BC942}") = "Interpreter", "Interpreter\Interpreter.vcxproj", "{BF8A2242-6B92-46C6-8D11-70DB8704F429}"
EndProject
Project("{8BC9CEB8-8B4A-11D0-8D11-00A0C91BC942}") = "LexAndParser", "LexAndParser\LexAndParser.vcxproj", "{0328A3AF-BB9E-4B06-96BA-B090B755BE41}"
EndProject
Project("{8BC9CEB8-8B4A-11D0-8D11-00A0C91BC942}") = "TcpSocket", "TcpSocket\TcpSocket.vcxproj", "{EEC0981E-76B3-4898-88A7-23905DCC1175}"
EndProject
Project("{8BC9CEB8-8B4A-11D0-8D11-00A0C91BC942}") = "Client", "Client\Client.vcxproj", "{C0425A9B-CA20-44C2-BF3E-E2EC349DB915}"
EndProject
Project("{8BC9CEB8-8B4A-11D0-8D11-00A0C91BC942}") = "SocketServer", "SocketServer\SocketServer.vcxproj", "{FC880D8C-7609-49B5-8D99-5812AF17F717}"
EndProject
Global
	GlobalSection(SolutionConfigurationPlatforms) = preSolution
		Debug|x64 = Debug|x64
		Debug|x86 = Debug|x86
		Release|x64 = Release|x64
		Release|x86 = Release|x86
	EndGlobalSection
	GlobalSection(ProjectConfigurationPlatforms) = postSolution
		{D7C24528-F05E-4C6E-B2E6-5D6DE65169FB}.Debug|x64.ActiveCfg = Debug|x64
		{D7C24528-F05E-4C6E-B2E6-5D6DE65169FB}.Debug|x64.Build.0 = Debug|x64
		{D7C24528-F05E-4C6E-B2E6-5D6DE65169FB}.Debug|x86.ActiveCfg = Debug|Win32
		{D7C24528-F05E-4C6E-B2E6-5D6DE65169FB}.Debug|x86.Build.0 = Debug|Win32
		{D7C24528-F05E-4C6E-B2E6-5D6DE65169FB}.Release|x64.ActiveCfg = Release|x64
		{D7C24528-F05E-4C6E-B2E6-5D6DE65169FB}.Release|x64.Build.0 = Release|x64
		{D7C24528-F05E-4C6E-B2E6-5D6DE65169FB}.Release|x86.ActiveCfg = Release|Win32
		{D7C24528-F05E-4C6E-B2E6-5D6DE65169FB}.Release|x86.Build.0 = Release|Win32
		{BF8A2242-6B92-46C6-8D11-70DB8704F429}.Debug|x64.ActiveCfg = Debug|x64
		{BF8A2242-6B92-46C6-8D11-70DB8704F429}.Debug|x64.Build.0 = Debug|x64
		{BF8A2242-6B92-46C6-8D11-70DB8704F429}.Debug|x86.ActiveCfg = Debug|Win32
		{BF8A2242-6B92-46C6-8D11-70DB8704F429}.Debug|x86.Build.0 = Debug|Win32
		{BF8A2242-6B92-46C6-8D11-70DB8704F429}.Release|x64.ActiveCfg = Release|x64
		{BF8A2242-6B92-46C6-8D11-70DB8704F429}.Release|x64.Build.0 = Release|x64
		{BF8A2242-6B92-46C6-8D11-70DB8704F429}.Release|x86.ActiveCfg = Release|Win32
		{BF8A2242-6B92-46C6-8D11-70DB8704F429}.Release|x86.Build.0 = Release|Win32
		{0328A3AF-BB9E-4B06-96BA-B090B755BE41}.Debug|x64.ActiveCfg = Debug|x64
		{0328A3AF-BB9E-4B06-96BA-B090B755BE41}.Debug|x64.Build.0 = Debug|x64
		{0328A3AF-BB9E-4B06-96BA-B090B755BE41}.Debug|x86.ActiveCfg = Debug|Win32
		{0328A3AF-BB9E-4B06-96BA-B090B755BE41}.Debug|x86.Build.0 = Debug|Win32
		{0328A3AF-BB9E-4B06-96BA-B090B755BE41}.Release|x64.ActiveCfg = Release|x64
		{0328A3AF-BB9E-4B06-96BA-B090B755BE41}.Release|x64.Build.0 = Release|x64
		{0328A3AF-BB9E-4B06-96BA-B090B755BE41}.Release|x86.ActiveCfg = Release|Win32
		{0328A3AF-BB9E-4B06-96BA-B090B755BE41}.Release|x86.Build.0 = Release|Win32
		{EEC0981E-76B3-4898-88A7-23905DCC1175}.Debug|x64.ActiveCfg = Debug|x64
		{EEC0981E-76B3-4898-88A7-23905DCC1175}.Debug|x64.Build.0 = Debug|x64
		{EEC0981E-76B3-4898-88A7-23905DCC1175}.Debug|x86.ActiveCfg = Debug|Win32
		{EEC0981E-76B3-4898-88A7-23905DCC1175}.Debug|x86.Build.0 = Debug|Win32
		{EEC0981E-76B3-4898-88A7-23905DCC1175}.Release|x64.ActiveCfg = Release|x64
		{EEC0981E-76B3-4898-88A7-23905DCC1175}.Release|x64.Build.0 = Release|x64
		{EEC0981E-76B3-4898-88A7-23905DCC1175}.Release|x86.ActiveCfg = Release|Win32
		{EEC0981E-76B3-4898-88A7-23905DCC1175}.Release|x86.Build.0 = Release|Win32
		{C0425A9B-CA20-44C2-BF3E-E2EC349DB915}.Debug|x64.ActiveCfg = Debug|x64
		{C0425A9B-CA20-44C2-BF3E-E2EC349DB915}.Debug|x64.Build.0 = Debug|x64
		{C0425A9B-CA20-44C2-BF3E-E2EC349DB915}.Debug|x86.ActiveCfg = Debug|Win32
		{C0425A9B-CA20-44C2-BF3E-E2EC349DB915}.Debug|x86.Build.0 = Debug|Win32
		{C0425A9B-CA20-44C2-BF3E-E2EC349DB915}.Release|x64.ActiveCfg = Release|x64
		{C0425A9B-CA20-44C2-BF3E-E2EC349DB915}.Release|x64.Build.0 = Release|x64
		{C0425A9B-CA20-44C2-BF3E-E2EC349DB915}.Release|x86.ActiveCfg = Release|Win32
		{C0425A9B-CA20-44C2-BF3E-E2EC349DB915}.Release|x86.Build.0 = Release|Win32
		{FC880D8C-7609-49B5-8D99-5812AF17F717}.Debug|x64.ActiveCfg = Debug|x64
		{FC880D8C-7609-49B5-8D99-5812AF17F717}.Debug|x64.Build.0 = Debug|x64
		{FC880D8C-7609-49B5-8D99-5812AF17F717}.Debug|x86.ActiveCfg = Debug|Win32
		{FC880D8C-7609-49B5-8D99-5812AF17F717}.Debug|x86.Build.0 = Debug|Win32
		{FC880D8C-7609-49B5-8D99-5812AF17F717}.Release|x64.ActiveCfg = Release|x64
		{FC880D8C-7609-49B5-8D99-5812AF17F717}.Release|x64.Build.0 = Release|x64
		{FC880D8C-7609-49B5-8D99-5812AF17F717}.Release|x86.ActiveCfg = Release|Win32
		{FC880D8C-7609-49B5-8D99-5812AF17F717}.Release|x86.Build.0 = Release|Win32
	EndGlobalSection
	GlobalSection(SolutionProperties) = preSolution
		HideSolutionNode = FALSE
	EndGlobalSection
	GlobalSection(ExtensibilityGlobals) = postSolution
		SolutionGuid = {98448FB9-0C58-4256-9902-4B727EF25E5F}
	EndGlobalSection
EndGlobal
